
Microsoft Visual Studio Solution File, Format Version 12.00
# Visual Studio Version 17
VisualStudioVersion = 17.0.32014.148
MinimumVisualStudioVersion = 10.0.40219.1
Project("{FAE04EC0-301F-11D3-BF4B-00C04F79EFBC}") = "metotlar", "metotlar\metotlar.csproj", "{3B383920-680F-45B4-83E8-662FC3F7A92F}"
EndProject
Global
	GlobalSection(SolutionConfigurationPlatforms) = preSolution
		Debug|Any CPU = Debug|Any CPU
		Release|Any CPU = Release|Any CPU
	EndGlobalSection
	GlobalSection(ProjectConfigurationPlatforms) = postSolution
		{3B383920-680F-45B4-83E8-662FC3F7A92F}.Debug|Any CPU.ActiveCfg = Debug|Any CPU
		{3B383920-680F-45B4-83E8-662FC3F7A92F}.Debug|Any CPU.Build.0 = Debug|Any CPU
		{3B383920-680F-45B4-83E8-662FC3F7A92F}.Release|Any CPU.ActiveCfg = Release|Any CPU
		{3B383920-680F-45B4-83E8-662FC3F7A92F}.Release|Any CPU.Build.0 = Release|Any CPU
	EndGlobalSection
	GlobalSection(SolutionProperties) = preSolution
		HideSolutionNode = FALSE
	EndGlobalSection
	GlobalSection(ExtensibilityGlobals) = postSolution
		SolutionGuid = {B3A53D0D-BE0F-4E98-8199-D3B5BF05333A}
	EndGlobalSection
EndGlobal
