
Microsoft Visual Studio Solution File, Format Version 12.00
# Visual Studio Version 16
VisualStudioVersion = 16.0.32002.261
MinimumVisualStudioVersion = 10.0.40219.1
Project("{FAE04EC0-301F-11D3-BF4B-00C04F79EFBC}") = "diziler4", "diziler4\diziler4.csproj", "{53E709E3-F028-48EA-AD2C-4DCE2E882C7A}"
EndProject
Global
	GlobalSection(SolutionConfigurationPlatforms) = preSolution
		Debug|Any CPU = Debug|Any CPU
		Release|Any CPU = Release|Any CPU
	EndGlobalSection
	GlobalSection(ProjectConfigurationPlatforms) = postSolution
		{53E709E3-F028-48EA-AD2C-4DCE2E882C7A}.Debug|Any CPU.ActiveCfg = Debug|Any CPU
		{53E709E3-F028-48EA-AD2C-4DCE2E882C7A}.Debug|Any CPU.Build.0 = Debug|Any CPU
		{53E709E3-F028-48EA-AD2C-4DCE2E882C7A}.Release|Any CPU.ActiveCfg = Release|Any CPU
		{53E709E3-F028-48EA-AD2C-4DCE2E882C7A}.Release|Any CPU.Build.0 = Release|Any CPU
	EndGlobalSection
	GlobalSection(SolutionProperties) = preSolution
		HideSolutionNode = FALSE
	EndGlobalSection
	GlobalSection(ExtensibilityGlobals) = postSolution
		SolutionGuid = {873AE6D2-15B2-4F6B-AB9F-71F2D3B88F94}
	EndGlobalSection
EndGlobal
