
Microsoft Visual Studio Solution File, Format Version 12.00
# Visual Studio Version 16
VisualStudioVersion = 16.0.32002.261
MinimumVisualStudioVersion = 10.0.40219.1
Project("{FAE04EC0-301F-11D3-BF4B-00C04F79EFBC}") = "ikiboyutluilkornek", "ikiboyutluilkornek\ikiboyutluilkornek.csproj", "{0AADEBAB-D7E5-46D3-B20C-FDF83EDEA6C0}"
EndProject
Global
	GlobalSection(SolutionConfigurationPlatforms) = preSolution
		Debug|Any CPU = Debug|Any CPU
		Release|Any CPU = Release|Any CPU
	EndGlobalSection
	GlobalSection(ProjectConfigurationPlatforms) = postSolution
		{0AADEBAB-D7E5-46D3-B20C-FDF83EDEA6C0}.Debug|Any CPU.ActiveCfg = Debug|Any CPU
		{0AADEBAB-D7E5-46D3-B20C-FDF83EDEA6C0}.Debug|Any CPU.Build.0 = Debug|Any CPU
		{0AADEBAB-D7E5-46D3-B20C-FDF83EDEA6C0}.Release|Any CPU.ActiveCfg = Release|Any CPU
		{0AADEBAB-D7E5-46D3-B20C-FDF83EDEA6C0}.Release|Any CPU.Build.0 = Release|Any CPU
	EndGlobalSection
	GlobalSection(SolutionProperties) = preSolution
		HideSolutionNode = FALSE
	EndGlobalSection
	GlobalSection(ExtensibilityGlobals) = postSolution
		SolutionGuid = {AC1CB42D-2862-468A-8043-FBFEC7FC6E98}
	EndGlobalSection
EndGlobal
